
Microsoft Visual Studio Solution File, Format Version 12.00
# Visual Studio 15
VisualStudioVersion = 15.0.27703.2000
MinimumVisualStudioVersion = 10.0.40219.1
Project("{FAE04EC0-301F-11D3-BF4B-00C04F79EFBC}") = "AssetManagementWeb", "AssetManagementWeb\AssetManagementWeb.csproj", "{B04B993E-EC44-41FB-AF86-7572C676256D}"
EndProject
Global
	GlobalSection(SolutionConfigurationPlatforms) = preSolution
		Debug|Any CPU = Debug|Any CPU
		Release|Any CPU = Release|Any CPU
	EndGlobalSection
	GlobalSection(ProjectConfigurationPlatforms) = postSolution
		{B04B993E-EC44-41FB-AF86-7572C676256D}.Debug|Any CPU.ActiveCfg = Debug|Any CPU
		{B04B993E-EC44-41FB-AF86-7572C676256D}.Debug|Any CPU.Build.0 = Debug|Any CPU
		{B04B993E-EC44-41FB-AF86-7572C676256D}.Release|Any CPU.ActiveCfg = Release|Any CPU
		{B04B993E-EC44-41FB-AF86-7572C676256D}.Release|Any CPU.Build.0 = Release|Any CPU
	EndGlobalSection
	GlobalSection(SolutionProperties) = preSolution
		HideSolutionNode = FALSE
	EndGlobalSection
	GlobalSection(ExtensibilityGlobals) = postSolution
		SolutionGuid = {58E1D68C-84DA-4432-9681-2547A65B8A7F}
	EndGlobalSection
EndGlobal
